
Microsoft Visual Studio Solution File, Format Version 11.00
# Visual Studio 2010
Project("{FAE04EC0-301F-11D3-BF4B-00C04F79EFBC}") = "MvcPoc", "MvcPoc\MvcPoc.csproj", "{C98CDA5F-64B0-4834-A1F4-0D49D9CCEBAD}"
EndProject
Project("{FAE04EC0-301F-11D3-BF4B-00C04F79EFBC}") = "MvcPoc.Tests", "MvcPoc.Tests\MvcPoc.Tests.csproj", "{2D222A39-E65E-4375-B6F6-2BBFDB94901F}"
EndProject
Global
	GlobalSection(SolutionConfigurationPlatforms) = preSolution
		Debug|Any CPU = Debug|Any CPU
		Release|Any CPU = Release|Any CPU
	EndGlobalSection
	GlobalSection(ProjectConfigurationPlatforms) = postSolution
		{C98CDA5F-64B0-4834-A1F4-0D49D9CCEBAD}.Debug|Any CPU.ActiveCfg = Debug|Any CPU
		{C98CDA5F-64B0-4834-A1F4-0D49D9CCEBAD}.Debug|Any CPU.Build.0 = Debug|Any CPU
		{C98CDA5F-64B0-4834-A1F4-0D49D9CCEBAD}.Release|Any CPU.ActiveCfg = Release|Any CPU
		{C98CDA5F-64B0-4834-A1F4-0D49D9CCEBAD}.Release|Any CPU.Build.0 = Release|Any CPU
		{2D222A39-E65E-4375-B6F6-2BBFDB94901F}.Debug|Any CPU.ActiveCfg = Debug|Any CPU
		{2D222A39-E65E-4375-B6F6-2BBFDB94901F}.Debug|Any CPU.Build.0 = Debug|Any CPU
		{2D222A39-E65E-4375-B6F6-2BBFDB94901F}.Release|Any CPU.ActiveCfg = Release|Any CPU
		{2D222A39-E65E-4375-B6F6-2BBFDB94901F}.Release|Any CPU.Build.0 = Release|Any CPU
	EndGlobalSection
	GlobalSection(SolutionProperties) = preSolution
		HideSolutionNode = FALSE
	EndGlobalSection
EndGlobal
